
Microsoft Visual Studio Solution File, Format Version 12.00
# Visual Studio Version 16
VisualStudioVersion = 16.0.29806.167
MinimumVisualStudioVersion = 10.0.40219.1
Project("{2150E333-8FDC-42A3-9474-1A3956D46DE8}") = "Solution Items", "Solution Items", "{AE283353-AEF0-43C6-8CD0-D3E75F8BB955}"
	ProjectSection(SolutionItems) = preProject
		.gitignore = .gitignore
	EndProjectSection
EndProject
Project("{9A19103F-16F7-4668-BE54-9A1E7A4F7556}") = "Sygic.Corona.Api", "Sygic.Corona.Profile\Sygic.Corona.Api.csproj", "{4810118E-0FA6-44D0-98D8-DAE6BC99DCCD}"
EndProject
Project("{9A19103F-16F7-4668-BE54-9A1E7A4F7556}") = "Sygic.Corona.Domain", "Sygic.Corona.Domain\Sygic.Corona.Domain.csproj", "{BDB7A99A-00E9-485A-A6B0-1312E551DE9A}"
EndProject
Project("{9A19103F-16F7-4668-BE54-9A1E7A4F7556}") = "Sygic.Corona.Application", "Sygic.Corona.Application\Sygic.Corona.Application.csproj", "{A749CD5B-94D5-4A67-884A-CB57ACF842BF}"
EndProject
Project("{9A19103F-16F7-4668-BE54-9A1E7A4F7556}") = "Sygic.Corona.Contracts", "Sygic.Corona.Contracts\Sygic.Corona.Contracts.csproj", "{6A75BA99-462B-4096-B715-82E4BFBBDB74}"
EndProject
Project("{9A19103F-16F7-4668-BE54-9A1E7A4F7556}") = "Sygic.Corona.Infrastructure", "Sygic.Corona.Infrastructure\Sygic.Corona.Infrastructure.csproj", "{1565C93F-5714-4BCD-BA0C-BAE7F272F87A}"
EndProject
Project("{9A19103F-16F7-4668-BE54-9A1E7A4F7556}") = "Sygic.Corona.Workers", "Sygic.Corona.Workers\Sygic.Corona.Workers.csproj", "{4FB897FD-FA4A-481E-808D-7534572F0811}"
EndProject
Project("{9A19103F-16F7-4668-BE54-9A1E7A4F7556}") = "Sygic.Corona.Admin", "Sygic.Corona.Admin\Sygic.Corona.Admin.csproj", "{17EA11FB-7744-4024-8C2F-E81341E8B3A5}"
EndProject
Project("{9A19103F-16F7-4668-BE54-9A1E7A4F7556}") = "Sygic.Corona.Infrastructure.Tests", "Sygic.Corona.Infrastructure.Tests\Sygic.Corona.Infrastructure.Tests.csproj", "{31B9CCFB-BD57-4774-8247-F17229090CB4}"
EndProject
Project("{9A19103F-16F7-4668-BE54-9A1E7A4F7556}") = "Sygic.Corona.Application.Tests", "Sygic.Corona.Application.Tests\Sygic.Corona.Application.Tests.csproj", "{BC765BF1-3195-4CAE-BA9E-877445EFB86A}"
EndProject
Project("{9A19103F-16F7-4668-BE54-9A1E7A4F7556}") = "Sygic.Corona.TracingApi", "Sygic.Corona.TracingApi\Sygic.Corona.TracingApi.csproj", "{D345C4E2-98A1-4DE3-AE6D-6192A082E7B9}"
EndProject
Project("{FAE04EC0-301F-11D3-BF4B-00C04F79EFBC}") = "Sygic.Corona.QuarantineApi", "Sygic.Corona.QuarantineApi\Sygic.Corona.QuarantineApi.csproj", "{80979FC2-8A31-4FA9-BF52-E3FDC6EFAD2C}"
EndProject
Global
	GlobalSection(SolutionConfigurationPlatforms) = preSolution
		Debug|Any CPU = Debug|Any CPU
		Release|Any CPU = Release|Any CPU
	EndGlobalSection
	GlobalSection(ProjectConfigurationPlatforms) = postSolution
		{4810118E-0FA6-44D0-98D8-DAE6BC99DCCD}.Debug|Any CPU.ActiveCfg = Debug|Any CPU
		{4810118E-0FA6-44D0-98D8-DAE6BC99DCCD}.Debug|Any CPU.Build.0 = Debug|Any CPU
		{4810118E-0FA6-44D0-98D8-DAE6BC99DCCD}.Release|Any CPU.ActiveCfg = Release|Any CPU
		{4810118E-0FA6-44D0-98D8-DAE6BC99DCCD}.Release|Any CPU.Build.0 = Release|Any CPU
		{BDB7A99A-00E9-485A-A6B0-1312E551DE9A}.Debug|Any CPU.ActiveCfg = Debug|Any CPU
		{BDB7A99A-00E9-485A-A6B0-1312E551DE9A}.Debug|Any CPU.Build.0 = Debug|Any CPU
		{BDB7A99A-00E9-485A-A6B0-1312E551DE9A}.Release|Any CPU.ActiveCfg = Release|Any CPU
		{BDB7A99A-00E9-485A-A6B0-1312E551DE9A}.Release|Any CPU.Build.0 = Release|Any CPU
		{A749CD5B-94D5-4A67-884A-CB57ACF842BF}.Debug|Any CPU.ActiveCfg = Debug|Any CPU
		{A749CD5B-94D5-4A67-884A-CB57ACF842BF}.Debug|Any CPU.Build.0 = Debug|Any CPU
		{A749CD5B-94D5-4A67-884A-CB57ACF842BF}.Release|Any CPU.ActiveCfg = Release|Any CPU
		{A749CD5B-94D5-4A67-884A-CB57ACF842BF}.Release|Any CPU.Build.0 = Release|Any CPU
		{6A75BA99-462B-4096-B715-82E4BFBBDB74}.Debug|Any CPU.ActiveCfg = Debug|Any CPU
		{6A75BA99-462B-4096-B715-82E4BFBBDB74}.Debug|Any CPU.Build.0 = Debug|Any CPU
		{6A75BA99-462B-4096-B715-82E4BFBBDB74}.Release|Any CPU.ActiveCfg = Release|Any CPU
		{6A75BA99-462B-4096-B715-82E4BFBBDB74}.Release|Any CPU.Build.0 = Release|Any CPU
		{1565C93F-5714-4BCD-BA0C-BAE7F272F87A}.Debug|Any CPU.ActiveCfg = Debug|Any CPU
		{1565C93F-5714-4BCD-BA0C-BAE7F272F87A}.Debug|Any CPU.Build.0 = Debug|Any CPU
		{1565C93F-5714-4BCD-BA0C-BAE7F272F87A}.Release|Any CPU.ActiveCfg = Release|Any CPU
		{1565C93F-5714-4BCD-BA0C-BAE7F272F87A}.Release|Any CPU.Build.0 = Release|Any CPU
		{4FB897FD-FA4A-481E-808D-7534572F0811}.Debug|Any CPU.ActiveCfg = Debug|Any CPU
		{4FB897FD-FA4A-481E-808D-7534572F0811}.Debug|Any CPU.Build.0 = Debug|Any CPU
		{4FB897FD-FA4A-481E-808D-7534572F0811}.Release|Any CPU.ActiveCfg = Release|Any CPU
		{4FB897FD-FA4A-481E-808D-7534572F0811}.Release|Any CPU.Build.0 = Release|Any CPU
		{17EA11FB-7744-4024-8C2F-E81341E8B3A5}.Debug|Any CPU.ActiveCfg = Debug|Any CPU
		{17EA11FB-7744-4024-8C2F-E81341E8B3A5}.Debug|Any CPU.Build.0 = Debug|Any CPU
		{17EA11FB-7744-4024-8C2F-E81341E8B3A5}.Release|Any CPU.ActiveCfg = Release|Any CPU
		{17EA11FB-7744-4024-8C2F-E81341E8B3A5}.Release|Any CPU.Build.0 = Release|Any CPU
		{31B9CCFB-BD57-4774-8247-F17229090CB4}.Debug|Any CPU.ActiveCfg = Debug|Any CPU
		{31B9CCFB-BD57-4774-8247-F17229090CB4}.Debug|Any CPU.Build.0 = Debug|Any CPU
		{31B9CCFB-BD57-4774-8247-F17229090CB4}.Release|Any CPU.ActiveCfg = Release|Any CPU
		{31B9CCFB-BD57-4774-8247-F17229090CB4}.Release|Any CPU.Build.0 = Release|Any CPU
		{BC765BF1-3195-4CAE-BA9E-877445EFB86A}.Debug|Any CPU.ActiveCfg = Debug|Any CPU
		{BC765BF1-3195-4CAE-BA9E-877445EFB86A}.Debug|Any CPU.Build.0 = Debug|Any CPU
		{BC765BF1-3195-4CAE-BA9E-877445EFB86A}.Release|Any CPU.ActiveCfg = Release|Any CPU
		{BC765BF1-3195-4CAE-BA9E-877445EFB86A}.Release|Any CPU.Build.0 = Release|Any CPU
		{D345C4E2-98A1-4DE3-AE6D-6192A082E7B9}.Debug|Any CPU.ActiveCfg = Debug|Any CPU
		{D345C4E2-98A1-4DE3-AE6D-6192A082E7B9}.Debug|Any CPU.Build.0 = Debug|Any CPU
		{D345C4E2-98A1-4DE3-AE6D-6192A082E7B9}.Release|Any CPU.ActiveCfg = Release|Any CPU
		{D345C4E2-98A1-4DE3-AE6D-6192A082E7B9}.Release|Any CPU.Build.0 = Release|Any CPU
		{80979FC2-8A31-4FA9-BF52-E3FDC6EFAD2C}.Debug|Any CPU.ActiveCfg = Debug|Any CPU
		{80979FC2-8A31-4FA9-BF52-E3FDC6EFAD2C}.Debug|Any CPU.Build.0 = Debug|Any CPU
		{80979FC2-8A31-4FA9-BF52-E3FDC6EFAD2C}.Release|Any CPU.ActiveCfg = Release|Any CPU
		{80979FC2-8A31-4FA9-BF52-E3FDC6EFAD2C}.Release|Any CPU.Build.0 = Release|Any CPU
	EndGlobalSection
	GlobalSection(SolutionProperties) = preSolution
		HideSolutionNode = FALSE
	EndGlobalSection
	GlobalSection(ExtensibilityGlobals) = postSolution
		SolutionGuid = {2381DD89-FDF0-4117-940D-6D963D0D1100}
	EndGlobalSection
EndGlobal
